
Microsoft Visual Studio Solution File, Format Version 12.00
# Visual Studio Version 16
VisualStudioVersion = 16.0.29215.179
MinimumVisualStudioVersion = 10.0.40219.1
Project("{FAE04EC0-301F-11D3-BF4B-00C04F79EFBC}") = "interfazModernaONG", "interfazModernaONG.csproj", "{58B12F54-D1B8-4B1D-9E86-9396B1763396}"
EndProject
Global
	GlobalSection(SolutionConfigurationPlatforms) = preSolution
		Debug|Any CPU = Debug|Any CPU
		Release|Any CPU = Release|Any CPU
	EndGlobalSection
	GlobalSection(ProjectConfigurationPlatforms) = postSolution
		{58B12F54-D1B8-4B1D-9E86-9396B1763396}.Debug|Any CPU.ActiveCfg = Debug|Any CPU
		{58B12F54-D1B8-4B1D-9E86-9396B1763396}.Debug|Any CPU.Build.0 = Debug|Any CPU
		{58B12F54-D1B8-4B1D-9E86-9396B1763396}.Release|Any CPU.ActiveCfg = Release|Any CPU
		{58B12F54-D1B8-4B1D-9E86-9396B1763396}.Release|Any CPU.Build.0 = Release|Any CPU
	EndGlobalSection
	GlobalSection(SolutionProperties) = preSolution
		HideSolutionNode = FALSE
	EndGlobalSection
	GlobalSection(ExtensibilityGlobals) = postSolution
		SolutionGuid = {6202759B-76A9-41AF-A6ED-EF6C058C8F9A}
	EndGlobalSection
EndGlobal
